
Microsoft Visual Studio Solution File, Format Version 12.00
# Visual Studio Version 16
VisualStudioVersion = 16.0.30907.101
MinimumVisualStudioVersion = 10.0.40219.1
Project("{FAE04EC0-301F-11D3-BF4B-00C04F79EFBC}") = "Face Recognition", "Face Recognition.csproj", "{B9294227-0762-444C-8859-0662964F26C3}"
EndProject
Global
	GlobalSection(SolutionConfigurationPlatforms) = preSolution
		Debug|Any CPU = Debug|Any CPU
		Release|Any CPU = Release|Any CPU
	EndGlobalSection
	GlobalSection(ProjectConfigurationPlatforms) = postSolution
		{B9294227-0762-444C-8859-0662964F26C3}.Debug|Any CPU.ActiveCfg = Debug|Any CPU
		{B9294227-0762-444C-8859-0662964F26C3}.Debug|Any CPU.Build.0 = Debug|Any CPU
		{B9294227-0762-444C-8859-0662964F26C3}.Release|Any CPU.ActiveCfg = Release|Any CPU
		{B9294227-0762-444C-8859-0662964F26C3}.Release|Any CPU.Build.0 = Release|Any CPU
	EndGlobalSection
	GlobalSection(SolutionProperties) = preSolution
		HideSolutionNode = FALSE
	EndGlobalSection
	GlobalSection(ExtensibilityGlobals) = postSolution
		SolutionGuid = {FE6C67B7-5D8A-4E07-86FF-9BD9A205378D}
	EndGlobalSection
EndGlobal
