
Microsoft Visual Studio Solution File, Format Version 12.00
# Visual Studio Version 16
VisualStudioVersion = 16.0.30907.101
MinimumVisualStudioVersion = 10.0.40219.1
Project("{FAE04EC0-301F-11D3-BF4B-00C04F79EFBC}") = "FaceNew", "FaceNew.csproj", "{DC077E92-A4A7-4240-BBDC-BC0A510E735D}"
EndProject
Global
	GlobalSection(SolutionConfigurationPlatforms) = preSolution
		Debug|Any CPU = Debug|Any CPU
		Release|Any CPU = Release|Any CPU
	EndGlobalSection
	GlobalSection(ProjectConfigurationPlatforms) = postSolution
		{DC077E92-A4A7-4240-BBDC-BC0A510E735D}.Debug|Any CPU.ActiveCfg = Debug|Any CPU
		{DC077E92-A4A7-4240-BBDC-BC0A510E735D}.Debug|Any CPU.Build.0 = Debug|Any CPU
		{DC077E92-A4A7-4240-BBDC-BC0A510E735D}.Release|Any CPU.ActiveCfg = Release|Any CPU
		{DC077E92-A4A7-4240-BBDC-BC0A510E735D}.Release|Any CPU.Build.0 = Release|Any CPU
	EndGlobalSection
	GlobalSection(SolutionProperties) = preSolution
		HideSolutionNode = FALSE
	EndGlobalSection
	GlobalSection(ExtensibilityGlobals) = postSolution
		SolutionGuid = {C75A84EF-FEEF-495F-9D14-EA8AE67231A8}
	EndGlobalSection
EndGlobal
